// !$*UTF8*$!
{
	archiveVersion = 1;
	classes = {
	};
	objectVersion = 50;
	objects = {

/* Begin PBXBuildFile section */
		57486E8825ACDEAC00C91B77 /* Thing.swift in Sources */ = {isa = PBXBuildFile; fileRef = 57486E8725ACDEAB00C91B77 /* Thing.swift */; };
		57486E8D25ACE06200C91B77 /* Things.swift in Sources */ = {isa = PBXBuildFile; fileRef = 57486E8C25ACE06200C91B77 /* Things.swift */; };
		576AFD0E25AB5C0300930045 /* ThingDetailView.swift in Sources */ = {isa = PBXBuildFile; fileRef = 576AFD0D25AB5C0200930045 /* ThingDetailView.swift */; };
		57CA457A25A8EA980071D83E /* Favourite_Things_SwiftUIApp.swift in Sources */ = {isa = PBXBuildFile; fileRef = 57CA457925A8EA980071D83E /* Favourite_Things_SwiftUIApp.swift */; };
		57CA457C25A8EA980071D83E /* ContentView.swift in Sources */ = {isa = PBXBuildFile; fileRef = 57CA457B25A8EA980071D83E /* ContentView.swift */; };
		57CA457E25A8EA9E0071D83E /* Assets.xcassets in Resources */ = {isa = PBXBuildFile; fileRef = 57CA457D25A8EA9E0071D83E /* Assets.xcassets */; };
		57CA458125A8EA9E0071D83E /* Preview Assets.xcassets in Resources */ = {isa = PBXBuildFile; fileRef = 57CA458025A8EA9E0071D83E /* Preview Assets.xcassets */; };
		57CA458C25A8EA9F0071D83E /* Favourite_Things_SwiftUITests.swift in Sources */ = {isa = PBXBuildFile; fileRef = 57CA458B25A8EA9F0071D83E /* Favourite_Things_SwiftUITests.swift */; };
		57CA459725A8EA9F0071D83E /* Favourite_Things_SwiftUIUITests.swift in Sources */ = {isa = PBXBuildFile; fileRef = 57CA459625A8EA9F0071D83E /* Favourite_Things_SwiftUIUITests.swift */; };
/* End PBXBuildFile section */

/* Begin PBXContainerItemProxy section */
		57CA458825A8EA9F0071D83E /* PBXContainerItemProxy */ = {
			isa = PBXContainerItemProxy;
			containerPortal = 57CA456E25A8EA970071D83E /* Project object */;
			proxyType = 1;
			remoteGlobalIDString = 57CA457525A8EA980071D83E;
			remoteInfo = "Favourite Things SwiftUI";
		};
		57CA459325A8EA9F0071D83E /* PBXContainerItemProxy */ = {
			isa = PBXContainerItemProxy;
			containerPortal = 57CA456E25A8EA970071D83E /* Project object */;
			proxyType = 1;
			remoteGlobalIDString = 57CA457525A8EA980071D83E;
			remoteInfo = "Favourite Things SwiftUI";
		};
/* End PBXContainerItemProxy section */

/* Begin PBXFileReference section */
		57486E8725ACDEAB00C91B77 /* Thing.swift */ = {isa = PBXFileReference; lastKnownFileType = sourcecode.swift; path = Thing.swift; sourceTree = "<group>"; };
		57486E8C25ACE06200C91B77 /* Things.swift */ = {isa = PBXFileReference; lastKnownFileType = sourcecode.swift; path = Things.swift; sourceTree = "<group>"; };
		576AFD0D25AB5C0200930045 /* ThingDetailView.swift */ = {isa = PBXFileReference; lastKnownFileType = sourcecode.swift; path = ThingDetailView.swift; sourceTree = "<group>"; };
		57CA457625A8EA980071D83E /* Favourite Things SwiftUI.app */ = {isa = PBXFileReference; explicitFileType = wrapper.application; includeInIndex = 0; path = "Favourite Things SwiftUI.app"; sourceTree = BUILT_PRODUCTS_DIR; };
		57CA457925A8EA980071D83E /* Favourite_Things_SwiftUIApp.swift */ = {isa = PBXFileReference; lastKnownFileType = sourcecode.swift; path = Favourite_Things_SwiftUIApp.swift; sourceTree = "<group>"; };
		57CA457B25A8EA980071D83E /* ContentView.swift */ = {isa = PBXFileReference; lastKnownFileType = sourcecode.swift; path = ContentView.swift; sourceTree = "<group>"; };
		57CA457D25A8EA9E0071D83E /* Assets.xcassets */ = {isa = PBXFileReference; lastKnownFileType = folder.assetcatalog; path = Assets.xcassets; sourceTree = "<group>"; };
		57CA458025A8EA9E0071D83E /* Preview Assets.xcassets */ = {isa = PBXFileReference; lastKnownFileType = folder.assetcatalog; path = "Preview Assets.xcassets"; sourceTree = "<group>"; };
		57CA458225A8EA9E0071D83E /* Info.plist */ = {isa = PBXFileReference; lastKnownFileType = text.plist.xml; path = Info.plist; sourceTree = "<group>"; };
		57CA458725A8EA9F0071D83E /* Favourite Things SwiftUITests.xctest */ = {isa = PBXFileReference; explicitFileType = wrapper.cfbundle; includeInIndex = 0; path = "Favourite Things SwiftUITests.xctest"; sourceTree = BUILT_PRODUCTS_DIR; };
		57CA458B25A8EA9F0071D83E /* Favourite_Things_SwiftUITests.swift */ = {isa = PBXFileReference; lastKnownFileType = sourcecode.swift; path = Favourite_Things_SwiftUITests.swift; sourceTree = "<group>"; };
		57CA458D25A8EA9F0071D83E /* Info.plist */ = {isa = PBXFileReference; lastKnownFileType = text.plist.xml; path = Info.plist; sourceTree = "<group>"; };
		57CA459225A8EA9F0071D83E /* Favourite Things SwiftUIUITests.xctest */ = {isa = PBXFileReference; explicitFileType = wrapper.cfbundle; includeInIndex = 0; path = "Favourite Things SwiftUIUITests.xctest"; sourceTree = BUILT_PRODUCTS_DIR; };
		57CA459625A8EA9F0071D83E /* Favourite_Things_SwiftUIUITests.swift */ = {isa = PBXFileReference; lastKnownFileType = sourcecode.swift; path = Favourite_Things_SwiftUIUITests.swift; sourceTree = "<group>"; };
		57CA459825A8EA9F0071D83E /* Info.plist */ = {isa = PBXFileReference; lastKnownFileType = text.plist.xml; path = Info.plist; sourceTree = "<group>"; };
/* End PBXFileReference section */

/* Begin PBXFrameworksBuildPhase section */
		57CA457325A8EA980071D83E /* Frameworks */ = {
			isa = PBXFrameworksBuildPhase;
			buildActionMask = 2147483647;
			files = (
			);
			runOnlyForDeploymentPostprocessing = 0;
		};
		57CA458425A8EA9F0071D83E /* Frameworks */ = {
			isa = PBXFrameworksBuildPhase;
			buildActionMask = 2147483647;
			files = (
			);
			runOnlyForDeploymentPostprocessing = 0;
		};
		57CA458F25A8EA9F0071D83E /* Frameworks */ = {
			isa = PBXFrameworksBuildPhase;
			buildActionMask = 2147483647;
			files = (
			);
			runOnlyForDeploymentPostprocessing = 0;
		};
/* End PBXFrameworksBuildPhase section */

/* Begin PBXGroup section */
		57CA456D25A8EA970071D83E = {
			isa = PBXGroup;
			children = (
				57CA457825A8EA980071D83E /* Favourite Things SwiftUI */,
				57CA458A25A8EA9F0071D83E /* Favourite Things SwiftUITests */,
				57CA459525A8EA9F0071D83E /* Favourite Things SwiftUIUITests */,
				57CA457725A8EA980071D83E /* Products */,
			);
			sourceTree = "<group>";
		};
		57CA457725A8EA980071D83E /* Products */ = {
			isa = PBXGroup;
			children = (
				57CA457625A8EA980071D83E /* Favourite Things SwiftUI.app */,
				57CA458725A8EA9F0071D83E /* Favourite Things SwiftUITests.xctest */,
				57CA459225A8EA9F0071D83E /* Favourite Things SwiftUIUITests.xctest */,
			);
			name = Products;
			sourceTree = "<group>";
		};
		57CA457825A8EA980071D83E /* Favourite Things SwiftUI */ = {
			isa = PBXGroup;
			children = (
				57CA457925A8EA980071D83E /* Favourite_Things_SwiftUIApp.swift */,
				57CA457B25A8EA980071D83E /* ContentView.swift */,
				57CA457D25A8EA9E0071D83E /* Assets.xcassets */,
				57CA458225A8EA9E0071D83E /* Info.plist */,
				57CA457F25A8EA9E0071D83E /* Preview Content */,
				576AFD0D25AB5C0200930045 /* ThingDetailView.swift */,
				57486E8725ACDEAB00C91B77 /* Thing.swift */,
				57486E8C25ACE06200C91B77 /* Things.swift */,
			);
			path = "Favourite Things SwiftUI";
			sourceTree = "<group>";
		};
		57CA457F25A8EA9E0071D83E /* Preview Content */ = {
			isa = PBXGroup;
			children = (
				57CA458025A8EA9E0071D83E /* Preview Assets.xcassets */,
			);
			path = "Preview Content";
			sourceTree = "<group>";
		};
		57CA458A25A8EA9F0071D83E /* Favourite Things SwiftUITests */ = {
			isa = PBXGroup;
			children = (
				57CA458B25A8EA9F0071D83E /* Favourite_Things_SwiftUITests.swift */,
				57CA458D25A8EA9F0071D83E /* Info.plist */,
			);
			path = "Favourite Things SwiftUITests";
			sourceTree = "<group>";
		};
		57CA459525A8EA9F0071D83E /* Favourite Things SwiftUIUITests */ = {
			isa = PBXGroup;
			children = (
				57CA459625A8EA9F0071D83E /* Favourite_Things_SwiftUIUITests.swift */,
				57CA459825A8EA9F0071D83E /* Info.plist */,
			);
			path = "Favourite Things SwiftUIUITests";
			sourceTree = "<group>";
		};
/* End PBXGroup section */

/* Begin PBXNativeTarget section */
		57CA457525A8EA980071D83E /* Favourite Things SwiftUI */ = {
			isa = PBXNativeTarget;
			buildConfigurationList = 57CA459B25A8EA9F0071D83E /* Build configuration list for PBXNativeTarget "Favourite Things SwiftUI" */;
			buildPhases = (
				57CA457225A8EA980071D83E /* Sources */,
				57CA457325A8EA980071D83E /* Frameworks */,
				57CA457425A8EA980071D83E /* Resources */,
			);
			buildRules = (
			);
			dependencies = (
			);
			name = "Favourite Things SwiftUI";
			productName = "Favourite Things SwiftUI";
			productReference = 57CA457625A8EA980071D83E /* Favourite Things SwiftUI.app */;
			productType = "com.apple.product-type.application";
		};
		57CA458625A8EA9F0071D83E /* Favourite Things SwiftUITests */ = {
			isa = PBXNativeTarget;
			buildConfigurationList = 57CA459E25A8EA9F0071D83E /* Build configuration list for PBXNativeTarget "Favourite Things SwiftUITests" */;
			buildPhases = (
				57CA458325A8EA9F0071D83E /* Sources */,
				57CA458425A8EA9F0071D83E /* Frameworks */,
				57CA458525A8EA9F0071D83E /* Resources */,
			);
			buildRules = (
			);
			dependencies = (
				57CA458925A8EA9F0071D83E /* PBXTargetDependency */,
			);
			name = "Favourite Things SwiftUITests";
			productName = "Favourite Things SwiftUITests";
			productReference = 57CA458725A8EA9F0071D83E /* Favourite Things SwiftUITests.xctest */;
			productType = "com.apple.product-type.bundle.unit-test";
		};
		57CA459125A8EA9F0071D83E /* Favourite Things SwiftUIUITests */ = {
			isa = PBXNativeTarget;
			buildConfigurationList = 57CA45A125A8EA9F0071D83E /* Build configuration list for PBXNativeTarget "Favourite Things SwiftUIUITests" */;
			buildPhases = (
				57CA458E25A8EA9F0071D83E /* Sources */,
				57CA458F25A8EA9F0071D83E /* Frameworks */,
				57CA459025A8EA9F0071D83E /* Resources */,
			);
			buildRules = (
			);
			dependencies = (
				57CA459425A8EA9F0071D83E /* PBXTargetDependency */,
			);
			name = "Favourite Things SwiftUIUITests";
			productName = "Favourite Things SwiftUIUITests";
			productReference = 57CA459225A8EA9F0071D83E /* Favourite Things SwiftUIUITests.xctest */;
			productType = "com.apple.product-type.bundle.ui-testing";
		};
/* End PBXNativeTarget section */

/* Begin PBXProject section */
		57CA456E25A8EA970071D83E /* Project object */ = {
			isa = PBXProject;
			attributes = {
				LastSwiftUpdateCheck = 1230;
				LastUpgradeCheck = 1230;
				TargetAttributes = {
					57CA457525A8EA980071D83E = {
						CreatedOnToolsVersion = 12.3;
					};
					57CA458625A8EA9F0071D83E = {
						CreatedOnToolsVersion = 12.3;
						TestTargetID = 57CA457525A8EA980071D83E;
					};
					57CA459125A8EA9F0071D83E = {
						CreatedOnToolsVersion = 12.3;
						TestTargetID = 57CA457525A8EA980071D83E;
					};
				};
			};
			buildConfigurationList = 57CA457125A8EA970071D83E /* Build configuration list for PBXProject "Favourite Things SwiftUI" */;
			compatibilityVersion = "Xcode 9.3";
			developmentRegion = en;
			hasScannedForEncodings = 0;
			knownRegions = (
				en,
				Base,
			);
			mainGroup = 57CA456D25A8EA970071D83E;
			productRefGroup = 57CA457725A8EA980071D83E /* Products */;
			projectDirPath = "";
			projectRoot = "";
			targets = (
				57CA457525A8EA980071D83E /* Favourite Things SwiftUI */,
				57CA458625A8EA9F0071D83E /* Favourite Things SwiftUITests */,
				57CA459125A8EA9F0071D83E /* Favourite Things SwiftUIUITests */,
			);
		};
/* End PBXProject section */

/* Begin PBXResourcesBuildPhase section */
		57CA457425A8EA980071D83E /* Resources */ = {
			isa = PBXResourcesBuildPhase;
			buildActionMask = 2147483647;
			files = (
				57CA458125A8EA9E0071D83E /* Preview Assets.xcassets in Resources */,
				57CA457E25A8EA9E0071D83E /* Assets.xcassets in Resources */,
			);
			runOnlyForDeploymentPostprocessing = 0;
		};
		57CA458525A8EA9F0071D83E /* Resources */ = {
			isa = PBXResourcesBuildPhase;
			buildActionMask = 2147483647;
			files = (
			);
			runOnlyForDeploymentPostprocessing = 0;
		};
		57CA459025A8EA9F0071D83E /* Resources */ = {
			isa = PBXResourcesBuildPhase;
			buildActionMask = 2147483647;
			files = (
			);
			runOnlyForDeploymentPostprocessing = 0;
		};
/* End PBXResourcesBuildPhase section */

/* Begin PBXSourcesBuildPhase section */
		57CA457225A8EA980071D83E /* Sources */ = {
			isa = PBXSourcesBuildPhase;
			buildActionMask = 2147483647;
			files = (
				57CA457C25A8EA980071D83E /* ContentView.swift in Sources */,
				57CA457A25A8EA980071D83E /* Favourite_Things_SwiftUIApp.swift in Sources */,
				576AFD0E25AB5C0300930045 /* ThingDetailView.swift in Sources */,
				57486E8825ACDEAC00C91B77 /* Thing.swift in Sources */,
				57486E8D25ACE06200C91B77 /* Things.swift in Sources */,
			);
			runOnlyForDeploymentPostprocessing = 0;
		};
		57CA458325A8EA9F0071D83E /* Sources */ = {
			isa = PBXSourcesBuildPhase;
			buildActionMask = 2147483647;
			files = (
				57CA458C25A8EA9F0071D83E /* Favourite_Things_SwiftUITests.swift in Sources */,
			);
			runOnlyForDeploymentPostprocessing = 0;
		};
		57CA458E25A8EA9F0071D83E /* Sources */ = {
			isa = PBXSourcesBuildPhase;
			buildActionMask = 2147483647;
			files = (
				57CA459725A8EA9F0071D83E /* Favourite_Things_SwiftUIUITests.swift in Sources */,
			);
			runOnlyForDeploymentPostprocessing = 0;
		};
/* End PBXSourcesBuildPhase section */

/* Begin PBXTargetDependency section */
		57CA458925A8EA9F0071D83E /* PBXTargetDependency */ = {
			isa = PBXTargetDependency;
			target = 57CA457525A8EA980071D83E /* Favourite Things SwiftUI */;
			targetProxy = 57CA458825A8EA9F0071D83E /* PBXContainerItemProxy */;
		};
		57CA459425A8EA9F0071D83E /* PBXTargetDependency */ = {
			isa = PBXTargetDependency;
			target = 57CA457525A8EA980071D83E /* Favourite Things SwiftUI */;
			targetProxy = 57CA459325A8EA9F0071D83E /* PBXContainerItemProxy */;
		};
/* End PBXTargetDependency section */

/* Begin XCBuildConfiguration section */
		57CA459925A8EA9F0071D83E /* Debug */ = {
			isa = XCBuildConfiguration;
			buildSettings = {
				ALWAYS_SEARCH_USER_PATHS = NO;
				CLANG_ANALYZER_NONNULL = YES;
				CLANG_ANALYZER_NUMBER_OBJECT_CONVERSION = YES_AGGRESSIVE;
				CLANG_CXX_LANGUAGE_STANDARD = "gnu++14";
				CLANG_CXX_LIBRARY = "libc++";
				CLANG_ENABLE_MODULES = YES;
				CLANG_ENABLE_OBJC_ARC = YES;
				CLANG_ENABLE_OBJC_WEAK = YES;
				CLANG_WARN_BLOCK_CAPTURE_AUTORELEASING = YES;
				CLANG_WARN_BOOL_CONVERSION = YES;
				CLANG_WARN_COMMA = YES;
				CLANG_WARN_CONSTANT_CONVERSION = YES;
				CLANG_WARN_DEPRECATED_OBJC_IMPLEMENTATIONS = YES;
				CLANG_WARN_DIRECT_OBJC_ISA_USAGE = YES_ERROR;
				CLANG_WARN_DOCUMENTATION_COMMENTS = YES;
				CLANG_WARN_EMPTY_BODY = YES;
				CLANG_WARN_ENUM_CONVERSION = YES;
				CLANG_WARN_INFINITE_RECURSION = YES;
				CLANG_WARN_INT_CONVERSION = YES;
				CLANG_WARN_NON_LITERAL_NULL_CONVERSION = YES;
				CLANG_WARN_OBJC_IMPLICIT_RETAIN_SELF = YES;
				CLANG_WARN_OBJC_LITERAL_CONVERSION = YES;
				CLANG_WARN_OBJC_ROOT_CLASS = YES_ERROR;
				CLANG_WARN_QUOTED_INCLUDE_IN_FRAMEWORK_HEADER = YES;
				CLANG_WARN_RANGE_LOOP_ANALYSIS = YES;
				CLANG_WARN_STRICT_PROTOTYPES = YES;
				CLANG_WARN_SUSPICIOUS_MOVE = YES;
				CLANG_WARN_UNGUARDED_AVAILABILITY = YES_AGGRESSIVE;
				CLANG_WARN_UNREACHABLE_CODE = YES;
				CLANG_WARN__DUPLICATE_METHOD_MATCH = YES;
				COPY_PHASE_STRIP = NO;
				DEBUG_INFORMATION_FORMAT = dwarf;
				ENABLE_STRICT_OBJC_MSGSEND = YES;
				ENABLE_TESTABILITY = YES;
				GCC_C_LANGUAGE_STANDARD = gnu11;
				GCC_DYNAMIC_NO_PIC = NO;
				GCC_NO_COMMON_BLOCKS = YES;
				GCC_OPTIMIZATION_LEVEL = 0;
				GCC_PREPROCESSOR_DEFINITIONS = (
					"DEBUG=1",
					"$(inherited)",
				);
				GCC_WARN_64_TO_32_BIT_CONVERSION = YES;
				GCC_WARN_ABOUT_RETURN_TYPE = YES_ERROR;
				GCC_WARN_UNDECLARED_SELECTOR = YES;
				GCC_WARN_UNINITIALIZED_AUTOS = YES_AGGRESSIVE;
				GCC_WARN_UNUSED_FUNCTION = YES;
				GCC_WARN_UNUSED_VARIABLE = YES;
				IPHONEOS_DEPLOYMENT_TARGET = 14.3;
				MTL_ENABLE_DEBUG_INFO = INCLUDE_SOURCE;
				MTL_FAST_MATH = YES;
				ONLY_ACTIVE_ARCH = YES;
				SDKROOT = iphoneos;
				SWIFT_ACTIVE_COMPILATION_CONDITIONS = DEBUG;
				SWIFT_OPTIMIZATION_LEVEL = "-Onone";
			};
			name = Debug;
		};
		57CA459A25A8EA9F0071D83E /* Release */ = {
			isa = XCBuildConfiguration;
			buildSettings = {
				ALWAYS_SEARCH_USER_PATHS = NO;
				CLANG_ANALYZER_NONNULL = YES;
				CLANG_ANALYZER_NUMBER_OBJECT_CONVERSION = YES_AGGRESSIVE;
				CLANG_CXX_LANGUAGE_STANDARD = "gnu++14";
				CLANG_CXX_LIBRARY = "libc++";
				CLANG_ENABLE_MODULES = YES;
				CLANG_ENABLE_OBJC_ARC = YES;
				CLANG_ENABLE_OBJC_WEAK = YES;
				CLANG_WARN_BLOCK_CAPTURE_AUTORELEASING = YES;
				CLANG_WARN_BOOL_CONVERSION = YES;
				CLANG_WARN_COMMA = YES;
				CLANG_WARN_CONSTANT_CONVERSION = YES;
				CLANG_WARN_DEPRECATED_OBJC_IMPLEMENTATIONS = YES;
				CLANG_WARN_DIRECT_OBJC_ISA_USAGE = YES_ERROR;
				CLANG_WARN_DOCUMENTATION_COMMENTS = YES;
				CLANG_WARN_EMPTY_BODY = YES;
				CLANG_WARN_ENUM_CONVERSION = YES;
				CLANG_WARN_INFINITE_RECURSION = YES;
				CLANG_WARN_INT_CONVERSION = YES;
				CLANG_WARN_NON_LITERAL_NULL_CONVERSION = YES;
				CLANG_WARN_OBJC_IMPLICIT_RETAIN_SELF = YES;
				CLANG_WARN_OBJC_LITERAL_CONVERSION = YES;
				CLANG_WARN_OBJC_ROOT_CLASS = YES_ERROR;
				CLANG_WARN_QUOTED_INCLUDE_IN_FRAMEWORK_HEADER = YES;
				CLANG_WARN_RANGE_LOOP_ANALYSIS = YES;
				CLANG_WARN_STRICT_PROTOTYPES = YES;
				CLANG_WARN_SUSPICIOUS_MOVE = YES;
				CLANG_WARN_UNGUARDED_AVAILABILITY = YES_AGGRESSIVE;
				CLANG_WARN_UNREACHABLE_CODE = YES;
				CLANG_WARN__DUPLICATE_METHOD_MATCH = YES;
				COPY_PHASE_STRIP = NO;
				DEBUG_INFORMATION_FORMAT = "dwarf-with-dsym";
				ENABLE_NS_ASSERTIONS = NO;
				ENABLE_STRICT_OBJC_MSGSEND = YES;
				GCC_C_LANGUAGE_STANDARD = gnu11;
				GCC_NO_COMMON_BLOCKS = YES;
				GCC_WARN_64_TO_32_BIT_CONVERSION = YES;
				GCC_WARN_ABOUT_RETURN_TYPE = YES_ERROR;
				GCC_WARN_UNDECLARED_SELECTOR = YES;
				GCC_WARN_UNINITIALIZED_AUTOS = YES_AGGRESSIVE;
				GCC_WARN_UNUSED_FUNCTION = YES;
				GCC_WARN_UNUSED_VARIABLE = YES;
				IPHONEOS_DEPLOYMENT_TARGET = 14.3;
				MTL_ENABLE_DEBUG_INFO = NO;
				MTL_FAST_MATH = YES;
				SDKROOT = iphoneos;
				SWIFT_COMPILATION_MODE = wholemodule;
				SWIFT_OPTIMIZATION_LEVEL = "-O";
				VALIDATE_PRODUCT = YES;
			};
			name = Release;
		};
		57CA459C25A8EA9F0071D83E /* Debug */ = {
			isa = XCBuildConfiguration;
			buildSettings = {
				ASSETCATALOG_COMPILER_APPICON_NAME = AppIcon;
				ASSETCATALOG_COMPILER_GLOBAL_ACCENT_COLOR_NAME = AccentColor;
				CODE_SIGN_STYLE = Automatic;
				DEVELOPMENT_ASSET_PATHS = "\"Favourite Things SwiftUI/Preview Content\"";
				DEVELOPMENT_TEAM = QP225TF54Z;
				ENABLE_PREVIEWS = YES;
				INFOPLIST_FILE = "Favourite Things SwiftUI/Info.plist";
				IPHONEOS_DEPLOYMENT_TARGET = 14.0;
				LD_RUNPATH_SEARCH_PATHS = (
					"$(inherited)",
					"@executable_path/Frameworks",
				);
				PRODUCT_BUNDLE_IDENTIFIER = "ca.HungBranton.Favourite-Things-SwiftUI";
				PRODUCT_NAME = "$(TARGET_NAME)";
				SWIFT_VERSION = 5.0;
				TARGETED_DEVICE_FAMILY = "1,2";
			};
			name = Debug;
		};
		57CA459D25A8EA9F0071D83E /* Release */ = {
			isa = XCBuildConfiguration;
			buildSettings = {
				ASSETCATALOG_COMPILER_APPICON_NAME = AppIcon;
				ASSETCATALOG_COMPILER_GLOBAL_ACCENT_COLOR_NAME = AccentColor;
				CODE_SIGN_STYLE = Automatic;
				DEVELOPMENT_ASSET_PATHS = "\"Favourite Things SwiftUI/Preview Content\"";
				DEVELOPMENT_TEAM = QP225TF54Z;
				ENABLE_PREVIEWS = YES;
				INFOPLIST_FILE = "Favourite Things SwiftUI/Info.plist";
				IPHONEOS_DEPLOYMENT_TARGET = 14.0;
				LD_RUNPATH_SEARCH_PATHS = (
					"$(inherited)",
					"@executable_path/Frameworks",
				);
				PRODUCT_BUNDLE_IDENTIFIER = "ca.HungBranton.Favourite-Things-SwiftUI";
				PRODUCT_NAME = "$(TARGET_NAME)";
				SWIFT_VERSION = 5.0;
				TARGETED_DEVICE_FAMILY = "1,2";
			};
			name = Release;
		};
		57CA459F25A8EA9F0071D83E /* Debug */ = {
			isa = XCBuildConfiguration;
			buildSettings = {
				ALWAYS_EMBED_SWIFT_STANDARD_LIBRARIES = YES;
				BUNDLE_LOADER = "$(TEST_HOST)";
				CODE_SIGN_STYLE = Automatic;
				DEVELOPMENT_TEAM = QP225TF54Z;
				INFOPLIST_FILE = "Favourite Things SwiftUITests/Info.plist";
				IPHONEOS_DEPLOYMENT_TARGET = 14.0;
				LD_RUNPATH_SEARCH_PATHS = (
					"$(inherited)",
					"@executable_path/Frameworks",
					"@loader_path/Frameworks",
				);
				PRODUCT_BUNDLE_IDENTIFIER = "ca.HungBranton.Favourite-Things-SwiftUITests";
				PRODUCT_NAME = "$(TARGET_NAME)";
				SWIFT_VERSION = 5.0;
				TARGETED_DEVICE_FAMILY = "1,2";
				TEST_HOST = "$(BUILT_PRODUCTS_DIR)/Favourite Things SwiftUI.app/Favourite Things SwiftUI";
			};
			name = Debug;
		};
		57CA45A025A8EA9F0071D83E /* Release */ = {
			isa = XCBuildConfiguration;
			buildSettings = {
				ALWAYS_EMBED_SWIFT_STANDARD_LIBRARIES = YES;
				BUNDLE_LOADER = "$(TEST_HOST)";
				CODE_SIGN_STYLE = Automatic;
				DEVELOPMENT_TEAM = QP225TF54Z;
				INFOPLIST_FILE = "Favourite Things SwiftUITests/Info.plist";
				IPHONEOS_DEPLOYMENT_TARGET = 14.0;
				LD_RUNPATH_SEARCH_PATHS = (
					"$(inherited)",
					"@executable_path/Frameworks",
					"@loader_path/Frameworks",
				);
				PRODUCT_BUNDLE_IDENTIFIER = "ca.HungBranton.Favourite-Things-SwiftUITests";
				PRODUCT_NAME = "$(TARGET_NAME)";
				SWIFT_VERSION = 5.0;
				TARGETED_DEVICE_FAMILY = "1,2";
				TEST_HOST = "$(BUILT_PRODUCTS_DIR)/Favourite Things SwiftUI.app/Favourite Things SwiftUI";
			};
			name = Release;
		};
		57CA45A225A8EA9F0071D83E /* Debug */ = {
			isa = XCBuildConfiguration;
			buildSettings = {
				ALWAYS_EMBED_SWIFT_STANDARD_LIBRARIES = YES;
				CODE_SIGN_STYLE = Automatic;
				DEVELOPMENT_TEAM = QP225TF54Z;
				INFOPLIST_FILE = "Favourite Things SwiftUIUITests/Info.plist";
				LD_RUNPATH_SEARCH_PATHS = (
					"$(inherited)",
					"@executable_path/Frameworks",
					"@loader_path/Frameworks",
				);
				PRODUCT_BUNDLE_IDENTIFIER = "ca.HungBranton.Favourite-Things-SwiftUIUITests";
				PRODUCT_NAME = "$(TARGET_NAME)";
				SWIFT_VERSION = 5.0;
				TARGETED_DEVICE_FAMILY = "1,2";
				TEST_TARGET_NAME = "Favourite Things SwiftUI";
			};
			name = Debug;
		};
		57CA45A325A8EA9F0071D83E /* Release */ = {
			isa = XCBuildConfiguration;
			buildSettings = {
				ALWAYS_EMBED_SWIFT_STANDARD_LIBRARIES = YES;
				CODE_SIGN_STYLE = Automatic;
				DEVELOPMENT_TEAM = QP225TF54Z;
				INFOPLIST_FILE = "Favourite Things SwiftUIUITests/Info.plist";
				LD_RUNPATH_SEARCH_PATHS = (
					"$(inherited)",
					"@executable_path/Frameworks",
					"@loader_path/Frameworks",
				);
				PRODUCT_BUNDLE_IDENTIFIER = "ca.HungBranton.Favourite-Things-SwiftUIUITests";
				PRODUCT_NAME = "$(TARGET_NAME)";
				SWIFT_VERSION = 5.0;
				TARGETED_DEVICE_FAMILY = "1,2";
				TEST_TARGET_NAME = "Favourite Things SwiftUI";
			};
			name = Release;
		};
/* End XCBuildConfiguration section */

/* Begin XCConfigurationList section */
		57CA457125A8EA970071D83E /* Build configuration list for PBXProject "Favourite Things SwiftUI" */ = {
			isa = XCConfigurationList;
			buildConfigurations = (
				57CA459925A8EA9F0071D83E /* Debug */,
				57CA459A25A8EA9F0071D83E /* Release */,
			);
			defaultConfigurationIsVisible = 0;
			defaultConfigurationName = Release;
		};
		57CA459B25A8EA9F0071D83E /* Build configuration list for PBXNativeTarget "Favourite Things SwiftUI" */ = {
			isa = XCConfigurationList;
			buildConfigurations = (
				57CA459C25A8EA9F0071D83E /* Debug */,
				57CA459D25A8EA9F0071D83E /* Release */,
			);
			defaultConfigurationIsVisible = 0;
			defaultConfigurationName = Release;
		};
		57CA459E25A8EA9F0071D83E /* Build configuration list for PBXNativeTarget "Favourite Things SwiftUITests" */ = {
			isa = XCConfigurationList;
			buildConfigurations = (
				57CA459F25A8EA9F0071D83E /* Debug */,
				57CA45A025A8EA9F0071D83E /* Release */,
			);
			defaultConfigurationIsVisible = 0;
			defaultConfigurationName = Release;
		};
		57CA45A125A8EA9F0071D83E /* Build configuration list for PBXNativeTarget "Favourite Things SwiftUIUITests" */ = {
			isa = XCConfigurationList;
			buildConfigurations = (
				57CA45A225A8EA9F0071D83E /* Debug */,
				57CA45A325A8EA9F0071D83E /* Release */,
			);
			defaultConfigurationIsVisible = 0;
			defaultConfigurationName = Release;
		};
/* End XCConfigurationList section */
	};
	rootObject = 57CA456E25A8EA970071D83E /* Project object */;
}
